// !$*UTF8*$!
{
	archiveVersion = 1;
	classes = {
	};
	objectVersion = 70;
	objects = {

/* Begin PBXBuildFile section */
		FC2491762C48A63800101DF3 /* WhereNow Watch App.app in Embed Watch Content */ = {isa = PBXBuildFile; fileRef = FC2491752C48A63800101DF3 /* WhereNow Watch App.app */; settings = {ATTRIBUTES = (RemoveHeadersOnCopy, ); }; };
		FC5FA7CC2C6303190002E2A8 /* WidgetKit.framework in Frameworks */ = {isa = PBXBuildFile; fileRef = FC2492C92C494D8800101DF3 /* WidgetKit.framework */; };
		FC5FA7CD2C6303190002E2A8 /* SwiftUI.framework in Frameworks */ = {isa = PBXBuildFile; fileRef = FC2492CB2C494D8800101DF3 /* SwiftUI.framework */; };
		FC5FA7D82C63031B0002E2A8 /* WhereNowWatchWidgetExtension.appex in Embed Foundation Extensions */ = {isa = PBXBuildFile; fileRef = FC5FA7CB2C6303190002E2A8 /* WhereNowWatchWidgetExtension.appex */; settings = {ATTRIBUTES = (RemoveHeadersOnCopy, ); }; };
		FC7998782D6FEDD400612615 /* OpenAI in Frameworks */ = {isa = PBXBuildFile; productRef = FC7998772D6FEDD400612615 /* OpenAI */; };
		FC79987A2D6FEDE600612615 /* OpenAI in Frameworks */ = {isa = PBXBuildFile; productRef = FC7998792D6FEDE600612615 /* OpenAI */; };
		FCE332C12C5A9C240093D3EF /* WidgetKit.framework in Frameworks */ = {isa = PBXBuildFile; fileRef = FC2492C92C494D8800101DF3 /* WidgetKit.framework */; platformFilters = (ios, macos, ); };
		FCE332C22C5A9C240093D3EF /* SwiftUI.framework in Frameworks */ = {isa = PBXBuildFile; fileRef = FC2492CB2C494D8800101DF3 /* SwiftUI.framework */; };
		FCE332D02C5A9C260093D3EF /* WhereNowWidgetExtension.appex in Embed Foundation Extensions */ = {isa = PBXBuildFile; fileRef = FCE332C02C5A9C240093D3EF /* WhereNowWidgetExtension.appex */; platformFilter = ios; settings = {ATTRIBUTES = (RemoveHeadersOnCopy, ); }; };
/* End PBXBuildFile section */

/* Begin PBXContainerItemProxy section */
		FC2491602C48A63800101DF3 /* PBXContainerItemProxy */ = {
			isa = PBXContainerItemProxy;
			containerPortal = FC2491472C48A63600101DF3 /* Project object */;
			proxyType = 1;
			remoteGlobalIDString = FC24914E2C48A63600101DF3;
			remoteInfo = WhereNow;
		};
		FC24916A2C48A63800101DF3 /* PBXContainerItemProxy */ = {
			isa = PBXContainerItemProxy;
			containerPortal = FC2491472C48A63600101DF3 /* Project object */;
			proxyType = 1;
			remoteGlobalIDString = FC24914E2C48A63600101DF3;
			remoteInfo = WhereNow;
		};
		FC2491772C48A63800101DF3 /* PBXContainerItemProxy */ = {
			isa = PBXContainerItemProxy;
			containerPortal = FC2491472C48A63600101DF3 /* Project object */;
			proxyType = 1;
			remoteGlobalIDString = FC2491742C48A63800101DF3;
			remoteInfo = "WhereNow Watch App";
		};
		FC2491882C48A63900101DF3 /* PBXContainerItemProxy */ = {
			isa = PBXContainerItemProxy;
			containerPortal = FC2491472C48A63600101DF3 /* Project object */;
			proxyType = 1;
			remoteGlobalIDString = FC2491742C48A63800101DF3;
			remoteInfo = "WhereNow Watch App";
		};
		FC2491922C48A63900101DF3 /* PBXContainerItemProxy */ = {
			isa = PBXContainerItemProxy;
			containerPortal = FC2491472C48A63600101DF3 /* Project object */;
			proxyType = 1;
			remoteGlobalIDString = FC2491742C48A63800101DF3;
			remoteInfo = "WhereNow Watch App";
		};
		FC5FA7D62C63031B0002E2A8 /* PBXContainerItemProxy */ = {
			isa = PBXContainerItemProxy;
			containerPortal = FC2491472C48A63600101DF3 /* Project object */;
			proxyType = 1;
			remoteGlobalIDString = FC5FA7CA2C6303190002E2A8;
			remoteInfo = WhereNowWatchWidgetExtension;
		};
		FC8D68EC2CE7D33400283160 /* PBXContainerItemProxy */ = {
			isa = PBXContainerItemProxy;
			containerPortal = FC2491472C48A63600101DF3 /* Project object */;
			proxyType = 1;
			remoteGlobalIDString = FC8D68DB2CE7D33100283160;
			remoteInfo = "Where Now for AppleTV";
		};
		FC8D68F62CE7D33500283160 /* PBXContainerItemProxy */ = {
			isa = PBXContainerItemProxy;
			containerPortal = FC2491472C48A63600101DF3 /* Project object */;
			proxyType = 1;
			remoteGlobalIDString = FC8D68DB2CE7D33100283160;
			remoteInfo = "Where Now for AppleTV";
		};
		FCE332CE2C5A9C260093D3EF /* PBXContainerItemProxy */ = {
			isa = PBXContainerItemProxy;
			containerPortal = FC2491472C48A63600101DF3 /* Project object */;
			proxyType = 1;
			remoteGlobalIDString = FCE332BF2C5A9C240093D3EF;
			remoteInfo = WhereNowWidgetExtension;
		};
/* End PBXContainerItemProxy section */

/* Begin PBXCopyFilesBuildPhase section */
		FC24919E2C48A63900101DF3 /* Embed Watch Content */ = {
			isa = PBXCopyFilesBuildPhase;
			buildActionMask = 2147483647;
			dstPath = "$(CONTENTS_FOLDER_PATH)/Watch";
			dstSubfolderSpec = 16;
			files = (
				FC2491762C48A63800101DF3 /* WhereNow Watch App.app in Embed Watch Content */,
			);
			name = "Embed Watch Content";
			runOnlyForDeploymentPostprocessing = 0;
		};
		FC2492DC2C494D8A00101DF3 /* Embed Foundation Extensions */ = {
			isa = PBXCopyFilesBuildPhase;
			buildActionMask = 2147483647;
			dstPath = "";
			dstSubfolderSpec = 13;
			files = (
				FC5FA7D82C63031B0002E2A8 /* WhereNowWatchWidgetExtension.appex in Embed Foundation Extensions */,
			);
			name = "Embed Foundation Extensions";
			runOnlyForDeploymentPostprocessing = 0;
		};
		FCE332B72C5A9ABB0093D3EF /* Embed Foundation Extensions */ = {
			isa = PBXCopyFilesBuildPhase;
			buildActionMask = 2147483647;
			dstPath = "";
			dstSubfolderSpec = 13;
			files = (
				FCE332D02C5A9C260093D3EF /* WhereNowWidgetExtension.appex in Embed Foundation Extensions */,
			);
			name = "Embed Foundation Extensions";
			runOnlyForDeploymentPostprocessing = 0;
		};
/* End PBXCopyFilesBuildPhase section */

/* Begin PBXFileReference section */
		FC24914F2C48A63600101DF3 /* WhereNow.app */ = {isa = PBXFileReference; explicitFileType = wrapper.application; includeInIndex = 0; path = WhereNow.app; sourceTree = BUILT_PRODUCTS_DIR; };
		FC24915F2C48A63800101DF3 /* WhereNowTests.xctest */ = {isa = PBXFileReference; explicitFileType = wrapper.cfbundle; includeInIndex = 0; path = WhereNowTests.xctest; sourceTree = BUILT_PRODUCTS_DIR; };
		FC2491692C48A63800101DF3 /* WhereNowUITests.xctest */ = {isa = PBXFileReference; explicitFileType = wrapper.cfbundle; includeInIndex = 0; path = WhereNowUITests.xctest; sourceTree = BUILT_PRODUCTS_DIR; };
		FC2491752C48A63800101DF3 /* WhereNow Watch App.app */ = {isa = PBXFileReference; explicitFileType = wrapper.application; includeInIndex = 0; path = "WhereNow Watch App.app"; sourceTree = BUILT_PRODUCTS_DIR; };
		FC2491872C48A63900101DF3 /* WhereNow Watch AppTests.xctest */ = {isa = PBXFileReference; explicitFileType = wrapper.cfbundle; includeInIndex = 0; path = "WhereNow Watch AppTests.xctest"; sourceTree = BUILT_PRODUCTS_DIR; };
		FC2491912C48A63900101DF3 /* WhereNow Watch AppUITests.xctest */ = {isa = PBXFileReference; explicitFileType = wrapper.cfbundle; includeInIndex = 0; path = "WhereNow Watch AppUITests.xctest"; sourceTree = BUILT_PRODUCTS_DIR; };
		FC2492C92C494D8800101DF3 /* WidgetKit.framework */ = {isa = PBXFileReference; lastKnownFileType = wrapper.framework; name = WidgetKit.framework; path = System/Library/Frameworks/WidgetKit.framework; sourceTree = SDKROOT; };
		FC2492CB2C494D8800101DF3 /* SwiftUI.framework */ = {isa = PBXFileReference; lastKnownFileType = wrapper.framework; name = SwiftUI.framework; path = System/Library/Frameworks/SwiftUI.framework; sourceTree = SDKROOT; };
		FC5FA7CB2C6303190002E2A8 /* WhereNowWatchWidgetExtension.appex */ = {isa = PBXFileReference; explicitFileType = "wrapper.app-extension"; includeInIndex = 0; path = WhereNowWatchWidgetExtension.appex; sourceTree = BUILT_PRODUCTS_DIR; };
		FC8D68DC2CE7D33100283160 /* Where Now for AppleTV.app */ = {isa = PBXFileReference; explicitFileType = wrapper.application; includeInIndex = 0; path = "Where Now for AppleTV.app"; sourceTree = BUILT_PRODUCTS_DIR; };
		FC8D68EB2CE7D33400283160 /* Where Now for AppleTVTests.xctest */ = {isa = PBXFileReference; explicitFileType = wrapper.cfbundle; includeInIndex = 0; path = "Where Now for AppleTVTests.xctest"; sourceTree = BUILT_PRODUCTS_DIR; };
		FC8D68F52CE7D33500283160 /* Where Now for AppleTVUITests.xctest */ = {isa = PBXFileReference; explicitFileType = wrapper.cfbundle; includeInIndex = 0; path = "Where Now for AppleTVUITests.xctest"; sourceTree = BUILT_PRODUCTS_DIR; };
		FCE332C02C5A9C240093D3EF /* WhereNowWidgetExtension.appex */ = {isa = PBXFileReference; explicitFileType = "wrapper.app-extension"; includeInIndex = 0; path = WhereNowWidgetExtension.appex; sourceTree = BUILT_PRODUCTS_DIR; };
/* End PBXFileReference section */

/* Begin PBXFileSystemSynchronizedBuildFileExceptionSet section */
		FC2492C22C494D4300101DF3 /* PBXFileSystemSynchronizedBuildFileExceptionSet */ = {
			isa = PBXFileSystemSynchronizedBuildFileExceptionSet;
			membershipExceptions = (
				BirdSighting.swift,
				BirdSpeciesAssetMetadata.swift,
				"CGFloat+.swift",
				"Collection+.swift",
				"CoreLocation+Extension.swift",
				"Data Models/BirdSightingService.swift",
				"Data Models/LocationDataModel.swift",
				"Data Models/LocationManager.swift",
				"Data Models/USAWeatherService.swift",
				"Data+.swift",
				"Double+.swift",
				ErrorCases.swift,
				ForecastInfo.swift,
				Fun.swift,
				GameView.swift,
				LocationInformation.swift,
				Logging.swift,
				Objects.swift,
				"String+.swift",
				"UIImage+.swift",
				ViewModifiers.swift,
				Views/BirdDataSightingsShortView.swift,
				Views/BirdSightingsViews.swift,
				Views/HeaderView.swift,
				Views/LocationAccessDisabledView.swift,
				Views/Preview_Playground.swift,
				Views/WatchBirdSightingView.swift,
				Views/WatchNotableBirdSightingsViews.swift,
				Views/WeatherViewTab.swift,
				Views/WhereNowPortraitLocationView.swift,
				Views/WhereNowWeatherHStackView.swift,
				whistle.m4a,
				WidgetKinds.swift,
			);
			target = FC2491742C48A63800101DF3 /* WhereNow Watch App */;
		};
		FC2492ED2C4ABCB400101DF3 /* PBXFileSystemSynchronizedBuildFileExceptionSet */ = {
			isa = PBXFileSystemSynchronizedBuildFileExceptionSet;
			membershipExceptions = (
				Info.plist,
				LocationInformationEntry.swift,
				Views/WatchBirdSightingView.swift,
				Views/WatchNotableBirdSightingsViews.swift,
			);
			target = FC24914E2C48A63600101DF3 /* WhereNow */;
		};
		FC5FA7DC2C63031B0002E2A8 /* PBXFileSystemSynchronizedBuildFileExceptionSet */ = {
			isa = PBXFileSystemSynchronizedBuildFileExceptionSet;
			membershipExceptions = (
				Info.plist,
			);
			target = FC5FA7CA2C6303190002E2A8 /* WhereNowWatchWidgetExtension */;
		};
		FC5FA7DE2C63033F0002E2A8 /* PBXFileSystemSynchronizedBuildFileExceptionSet */ = {
			isa = PBXFileSystemSynchronizedBuildFileExceptionSet;
			membershipExceptions = (
				BirdSighting.swift,
				BirdSpeciesAssetMetadata.swift,
				"CGFloat+.swift",
				"Collection+.swift",
				"CoreLocation+Extension.swift",
				"Data Models/BirdSightingService.swift",
				"Data Models/LocationDataModel.swift",
				"Data Models/LocationManager.swift",
				"Data Models/USAWeatherService.swift",
				"Data+.swift",
				"Double+.swift",
				ErrorCases.swift,
				ForecastInfo.swift,
				Fun.swift,
				GameView.swift,
				LocationInformation.swift,
				LocationInformationEntry.swift,
				Logging.swift,
				Objects.swift,
				"UIImage+.swift",
				ViewModifiers.swift,
				Views/BirdDataSightingsShortView.swift,
				whistle.m4a,
				WidgetKinds.swift,
			);
			target = FC5FA7CA2C6303190002E2A8 /* WhereNowWatchWidgetExtension */;
		};
		FC8D69072CE7D45100283160 /* PBXFileSystemSynchronizedBuildFileExceptionSet */ = {
			isa = PBXFileSystemSynchronizedBuildFileExceptionSet;
			membershipExceptions = (
				BirdSighting.swift,
				BirdSpeciesAssetMetadata.swift,
				"CGFloat+.swift",
				"Collection+.swift",
				"CoreLocation+Extension.swift",
				"Data Models/BirdSightingService.swift",
				"Data Models/LocationDataModel.swift",
				"Data Models/LocationManager.swift",
				"Data Models/USAWeatherService.swift",
				"Data+.swift",
				"Double+.swift",
				ForecastInfo.swift,
				Fun.swift,
				GameView.swift,
				Logging.swift,
				MapSnapshotManager.swift,
				MapSnapshotView.swift,
				Objects.swift,
				"String+.swift",
				"UIImage+.swift",
				Views/BirdSightingsViews.swift,
				Views/HeaderView.swift,
				Views/LocationAccessDisabledView.swift,
				Views/LocationViewTab.swift,
				Views/WeatherViewTab.swift,
				Views/WhereNowPortraitLocationView.swift,
				Views/WhereNowWeatherHStackView.swift,
				whistle.m4a,
			);
			target = FC8D68DB2CE7D33100283160 /* Where Now for AppleTV */;
		};
		FCE332D42C5A9C260093D3EF /* PBXFileSystemSynchronizedBuildFileExceptionSet */ = {
			isa = PBXFileSystemSynchronizedBuildFileExceptionSet;
			membershipExceptions = (
				Info.plist,
			);
			target = FCE332BF2C5A9C240093D3EF /* WhereNowWidgetExtension */;
		};
		FCE332D92C5AA2C50093D3EF /* PBXFileSystemSynchronizedBuildFileExceptionSet */ = {
			isa = PBXFileSystemSynchronizedBuildFileExceptionSet;
			membershipExceptions = (
				BirdSighting.swift,
				BirdSpeciesAssetMetadata.swift,
				"CGFloat+.swift",
				"Collection+.swift",
				"CoreLocation+Extension.swift",
				"Data Models/BirdSightingService.swift",
				"Data Models/LocationDataModel.swift",
				"Data Models/LocationManager.swift",
				"Data Models/USAWeatherService.swift",
				"Data+.swift",
				"Double+.swift",
				ErrorCases.swift,
				ForecastInfo.swift,
				Fun.swift,
				GameView.swift,
				LocationInformation.swift,
				LocationInformationEntry.swift,
				Logging.swift,
				MapSnapshotManager.swift,
				MapSnapshotView.swift,
				Objects.swift,
				"String+.swift",
				"UIImage+.swift",
				ViewModifiers.swift,
				Views/BirdDataSightingsShortView.swift,
				whistle.m4a,
				WidgetKinds.swift,
			);
			target = FCE332BF2C5A9C240093D3EF /* WhereNowWidgetExtension */;
		};
/* End PBXFileSystemSynchronizedBuildFileExceptionSet section */

/* Begin PBXFileSystemSynchronizedRootGroup section */
		FC2491512C48A63600101DF3 /* WhereNow */ = {isa = PBXFileSystemSynchronizedRootGroup; exceptions = (FC2492ED2C4ABCB400101DF3 /* PBXFileSystemSynchronizedBuildFileExceptionSet */, FC2492C22C494D4300101DF3 /* PBXFileSystemSynchronizedBuildFileExceptionSet */, FCE332D92C5AA2C50093D3EF /* PBXFileSystemSynchronizedBuildFileExceptionSet */, FC5FA7DE2C63033F0002E2A8 /* PBXFileSystemSynchronizedBuildFileExceptionSet */, FC8D69072CE7D45100283160 /* PBXFileSystemSynchronizedBuildFileExceptionSet */, ); explicitFileTypes = {}; explicitFolders = (); path = WhereNow; sourceTree = "<group>"; };
		FC2491622C48A63800101DF3 /* WhereNowTests */ = {isa = PBXFileSystemSynchronizedRootGroup; explicitFileTypes = {}; explicitFolders = (); path = WhereNowTests; sourceTree = "<group>"; };
		FC24916C2C48A63800101DF3 /* WhereNowUITests */ = {isa = PBXFileSystemSynchronizedRootGroup; explicitFileTypes = {}; explicitFolders = (); path = WhereNowUITests; sourceTree = "<group>"; };
		FC2491792C48A63800101DF3 /* WhereNow Watch App */ = {isa = PBXFileSystemSynchronizedRootGroup; explicitFileTypes = {}; explicitFolders = (); path = "WhereNow Watch App"; sourceTree = "<group>"; };
		FC24918A2C48A63900101DF3 /* WhereNow Watch AppTests */ = {isa = PBXFileSystemSynchronizedRootGroup; explicitFileTypes = {}; explicitFolders = (); path = "WhereNow Watch AppTests"; sourceTree = "<group>"; };
		FC2491942C48A63900101DF3 /* WhereNow Watch AppUITests */ = {isa = PBXFileSystemSynchronizedRootGroup; explicitFileTypes = {}; explicitFolders = (); path = "WhereNow Watch AppUITests"; sourceTree = "<group>"; };
		FC5FA7CE2C6303190002E2A8 /* WhereNowWatchWidget */ = {isa = PBXFileSystemSynchronizedRootGroup; exceptions = (FC5FA7DC2C63031B0002E2A8 /* PBXFileSystemSynchronizedBuildFileExceptionSet */, ); explicitFileTypes = {}; explicitFolders = (); path = WhereNowWatchWidget; sourceTree = "<group>"; };
		FC8D68DD2CE7D33100283160 /* Where Now for AppleTV */ = {isa = PBXFileSystemSynchronizedRootGroup; explicitFileTypes = {}; explicitFolders = (); path = "Where Now for AppleTV"; sourceTree = "<group>"; };
		FC8D68EE2CE7D33400283160 /* Where Now for AppleTVTests */ = {isa = PBXFileSystemSynchronizedRootGroup; explicitFileTypes = {}; explicitFolders = (); path = "Where Now for AppleTVTests"; sourceTree = "<group>"; };
		FC8D68F82CE7D33500283160 /* Where Now for AppleTVUITests */ = {isa = PBXFileSystemSynchronizedRootGroup; explicitFileTypes = {}; explicitFolders = (); path = "Where Now for AppleTVUITests"; sourceTree = "<group>"; };
		FCE332C32C5A9C240093D3EF /* WhereNowWidget */ = {isa = PBXFileSystemSynchronizedRootGroup; exceptions = (FCE332D42C5A9C260093D3EF /* PBXFileSystemSynchronizedBuildFileExceptionSet */, ); explicitFileTypes = {}; explicitFolders = (); path = WhereNowWidget; sourceTree = "<group>"; };
/* End PBXFileSystemSynchronizedRootGroup section */

/* Begin PBXFrameworksBuildPhase section */
		FC24914C2C48A63600101DF3 /* Frameworks */ = {
			isa = PBXFrameworksBuildPhase;
			buildActionMask = 2147483647;
			files = (
				FC7998782D6FEDD400612615 /* OpenAI in Frameworks */,
			);
			runOnlyForDeploymentPostprocessing = 0;
		};
		FC24915C2C48A63800101DF3 /* Frameworks */ = {
			isa = PBXFrameworksBuildPhase;
			buildActionMask = 2147483647;
			files = (
			);
			runOnlyForDeploymentPostprocessing = 0;
		};
		FC2491662C48A63800101DF3 /* Frameworks */ = {
			isa = PBXFrameworksBuildPhase;
			buildActionMask = 2147483647;
			files = (
			);
			runOnlyForDeploymentPostprocessing = 0;
		};
		FC2491722C48A63800101DF3 /* Frameworks */ = {
			isa = PBXFrameworksBuildPhase;
			buildActionMask = 2147483647;
			files = (
			);
			runOnlyForDeploymentPostprocessing = 0;
		};
		FC2491842C48A63900101DF3 /* Frameworks */ = {
			isa = PBXFrameworksBuildPhase;
			buildActionMask = 2147483647;
			files = (
			);
			runOnlyForDeploymentPostprocessing = 0;
		};
		FC24918E2C48A63900101DF3 /* Frameworks */ = {
			isa = PBXFrameworksBuildPhase;
			buildActionMask = 2147483647;
			files = (
			);
			runOnlyForDeploymentPostprocessing = 0;
		};
		FC5FA7C82C6303190002E2A8 /* Frameworks */ = {
			isa = PBXFrameworksBuildPhase;
			buildActionMask = 2147483647;
			files = (
				FC5FA7CD2C6303190002E2A8 /* SwiftUI.framework in Frameworks */,
				FC5FA7CC2C6303190002E2A8 /* WidgetKit.framework in Frameworks */,
			);
			runOnlyForDeploymentPostprocessing = 0;
		};
		FC8D68D92CE7D33100283160 /* Frameworks */ = {
			isa = PBXFrameworksBuildPhase;
			buildActionMask = 2147483647;
			files = (
				FC79987A2D6FEDE600612615 /* OpenAI in Frameworks */,
			);
			runOnlyForDeploymentPostprocessing = 0;
		};
		FC8D68E82CE7D33400283160 /* Frameworks */ = {
			isa = PBXFrameworksBuildPhase;
			buildActionMask = 2147483647;
			files = (
			);
			runOnlyForDeploymentPostprocessing = 0;
		};
		FC8D68F22CE7D33500283160 /* Frameworks */ = {
			isa = PBXFrameworksBuildPhase;
			buildActionMask = 2147483647;
			files = (
			);
			runOnlyForDeploymentPostprocessing = 0;
		};
		FCE332BD2C5A9C240093D3EF /* Frameworks */ = {
			isa = PBXFrameworksBuildPhase;
			buildActionMask = 2147483647;
			files = (
				FCE332C22C5A9C240093D3EF /* SwiftUI.framework in Frameworks */,
				FCE332C12C5A9C240093D3EF /* WidgetKit.framework in Frameworks */,
			);
			runOnlyForDeploymentPostprocessing = 0;
		};
/* End PBXFrameworksBuildPhase section */

/* Begin PBXGroup section */
		FC2491462C48A63600101DF3 = {
			isa = PBXGroup;
			children = (
				FC2491512C48A63600101DF3 /* WhereNow */,
				FC2491622C48A63800101DF3 /* WhereNowTests */,
				FC24916C2C48A63800101DF3 /* WhereNowUITests */,
				FC2491792C48A63800101DF3 /* WhereNow Watch App */,
				FC24918A2C48A63900101DF3 /* WhereNow Watch AppTests */,
				FC2491942C48A63900101DF3 /* WhereNow Watch AppUITests */,
				FCE332C32C5A9C240093D3EF /* WhereNowWidget */,
				FC5FA7CE2C6303190002E2A8 /* WhereNowWatchWidget */,
				FC8D68DD2CE7D33100283160 /* Where Now for AppleTV */,
				FC8D68EE2CE7D33400283160 /* Where Now for AppleTVTests */,
				FC8D68F82CE7D33500283160 /* Where Now for AppleTVUITests */,
				FC2492C82C494D8800101DF3 /* Frameworks */,
				FC2491502C48A63600101DF3 /* Products */,
			);
			sourceTree = "<group>";
		};
		FC2491502C48A63600101DF3 /* Products */ = {
			isa = PBXGroup;
			children = (
				FC24914F2C48A63600101DF3 /* WhereNow.app */,
				FC24915F2C48A63800101DF3 /* WhereNowTests.xctest */,
				FC2491692C48A63800101DF3 /* WhereNowUITests.xctest */,
				FC2491752C48A63800101DF3 /* WhereNow Watch App.app */,
				FC2491872C48A63900101DF3 /* WhereNow Watch AppTests.xctest */,
				FC2491912C48A63900101DF3 /* WhereNow Watch AppUITests.xctest */,
				FCE332C02C5A9C240093D3EF /* WhereNowWidgetExtension.appex */,
				FC5FA7CB2C6303190002E2A8 /* WhereNowWatchWidgetExtension.appex */,
				FC8D68DC2CE7D33100283160 /* Where Now for AppleTV.app */,
				FC8D68EB2CE7D33400283160 /* Where Now for AppleTVTests.xctest */,
				FC8D68F52CE7D33500283160 /* Where Now for AppleTVUITests.xctest */,
			);
			name = Products;
			sourceTree = "<group>";
		};
		FC2492C82C494D8800101DF3 /* Frameworks */ = {
			isa = PBXGroup;
			children = (
				FC2492C92C494D8800101DF3 /* WidgetKit.framework */,
				FC2492CB2C494D8800101DF3 /* SwiftUI.framework */,
			);
			name = Frameworks;
			sourceTree = "<group>";
		};
/* End PBXGroup section */

/* Begin PBXNativeTarget section */
		FC24914E2C48A63600101DF3 /* WhereNow */ = {
			isa = PBXNativeTarget;
			buildConfigurationList = FC24919F2C48A63900101DF3 /* Build configuration list for PBXNativeTarget "WhereNow" */;
			buildPhases = (
				FC24914B2C48A63600101DF3 /* Sources */,
				FC24914C2C48A63600101DF3 /* Frameworks */,
				FC24914D2C48A63600101DF3 /* Resources */,
				FC24919E2C48A63900101DF3 /* Embed Watch Content */,
				FCE332B72C5A9ABB0093D3EF /* Embed Foundation Extensions */,
			);
			buildRules = (
			);
			dependencies = (
				FC2491782C48A63800101DF3 /* PBXTargetDependency */,
				FCE332CF2C5A9C260093D3EF /* PBXTargetDependency */,
			);
			fileSystemSynchronizedGroups = (
				FC2491512C48A63600101DF3 /* WhereNow */,
			);
			name = WhereNow;
			packageProductDependencies = (
				FC7998772D6FEDD400612615 /* OpenAI */,
			);
			productName = WhereNow;
			productReference = FC24914F2C48A63600101DF3 /* WhereNow.app */;
			productType = "com.apple.product-type.application";
		};
		FC24915E2C48A63800101DF3 /* WhereNowTests */ = {
			isa = PBXNativeTarget;
			buildConfigurationList = FC2491A22C48A63900101DF3 /* Build configuration list for PBXNativeTarget "WhereNowTests" */;
			buildPhases = (
				FC24915B2C48A63800101DF3 /* Sources */,
				FC24915C2C48A63800101DF3 /* Frameworks */,
				FC24915D2C48A63800101DF3 /* Resources */,
			);
			buildRules = (
			);
			dependencies = (
				FC2491612C48A63800101DF3 /* PBXTargetDependency */,
			);
			fileSystemSynchronizedGroups = (
				FC2491622C48A63800101DF3 /* WhereNowTests */,
			);
			name = WhereNowTests;
			packageProductDependencies = (
			);
			productName = WhereNowTests;
			productReference = FC24915F2C48A63800101DF3 /* WhereNowTests.xctest */;
			productType = "com.apple.product-type.bundle.unit-test";
		};
		FC2491682C48A63800101DF3 /* WhereNowUITests */ = {
			isa = PBXNativeTarget;
			buildConfigurationList = FC2491A52C48A63900101DF3 /* Build configuration list for PBXNativeTarget "WhereNowUITests" */;
			buildPhases = (
				FC2491652C48A63800101DF3 /* Sources */,
				FC2491662C48A63800101DF3 /* Frameworks */,
				FC2491672C48A63800101DF3 /* Resources */,
			);
			buildRules = (
			);
			dependencies = (
				FC24916B2C48A63800101DF3 /* PBXTargetDependency */,
			);
			fileSystemSynchronizedGroups = (
				FC24916C2C48A63800101DF3 /* WhereNowUITests */,
			);
			name = WhereNowUITests;
			packageProductDependencies = (
			);
			productName = WhereNowUITests;
			productReference = FC2491692C48A63800101DF3 /* WhereNowUITests.xctest */;
			productType = "com.apple.product-type.bundle.ui-testing";
		};
		FC2491742C48A63800101DF3 /* WhereNow Watch App */ = {
			isa = PBXNativeTarget;
			buildConfigurationList = FC24919B2C48A63900101DF3 /* Build configuration list for PBXNativeTarget "WhereNow Watch App" */;
			buildPhases = (
				FC2491712C48A63800101DF3 /* Sources */,
				FC2491722C48A63800101DF3 /* Frameworks */,
				FC2491732C48A63800101DF3 /* Resources */,
				FC2492DC2C494D8A00101DF3 /* Embed Foundation Extensions */,
			);
			buildRules = (
			);
			dependencies = (
				FC5FA7D72C63031B0002E2A8 /* PBXTargetDependency */,
			);
			fileSystemSynchronizedGroups = (
				FC2491792C48A63800101DF3 /* WhereNow Watch App */,
			);
			name = "WhereNow Watch App";
			packageProductDependencies = (
			);
			productName = "WhereNow Watch App";
			productReference = FC2491752C48A63800101DF3 /* WhereNow Watch App.app */;
			productType = "com.apple.product-type.application";
		};
		FC2491862C48A63900101DF3 /* WhereNow Watch AppTests */ = {
			isa = PBXNativeTarget;
			buildConfigurationList = FC2491A82C48A63900101DF3 /* Build configuration list for PBXNativeTarget "WhereNow Watch AppTests" */;
			buildPhases = (
				FC2491832C48A63900101DF3 /* Sources */,
				FC2491842C48A63900101DF3 /* Frameworks */,
				FC2491852C48A63900101DF3 /* Resources */,
			);
			buildRules = (
			);
			dependencies = (
				FC2491892C48A63900101DF3 /* PBXTargetDependency */,
			);
			fileSystemSynchronizedGroups = (
				FC24918A2C48A63900101DF3 /* WhereNow Watch AppTests */,
			);
			name = "WhereNow Watch AppTests";
			packageProductDependencies = (
			);
			productName = "WhereNow Watch AppTests";
			productReference = FC2491872C48A63900101DF3 /* WhereNow Watch AppTests.xctest */;
			productType = "com.apple.product-type.bundle.unit-test";
		};
		FC2491902C48A63900101DF3 /* WhereNow Watch AppUITests */ = {
			isa = PBXNativeTarget;
			buildConfigurationList = FC2491AB2C48A63900101DF3 /* Build configuration list for PBXNativeTarget "WhereNow Watch AppUITests" */;
			buildPhases = (
				FC24918D2C48A63900101DF3 /* Sources */,
				FC24918E2C48A63900101DF3 /* Frameworks */,
				FC24918F2C48A63900101DF3 /* Resources */,
			);
			buildRules = (
			);
			dependencies = (
				FC2491932C48A63900101DF3 /* PBXTargetDependency */,
			);
			fileSystemSynchronizedGroups = (
				FC2491942C48A63900101DF3 /* WhereNow Watch AppUITests */,
			);
			name = "WhereNow Watch AppUITests";
			packageProductDependencies = (
			);
			productName = "WhereNow Watch AppUITests";
			productReference = FC2491912C48A63900101DF3 /* WhereNow Watch AppUITests.xctest */;
			productType = "com.apple.product-type.bundle.ui-testing";
		};
		FC5FA7CA2C6303190002E2A8 /* WhereNowWatchWidgetExtension */ = {
			isa = PBXNativeTarget;
			buildConfigurationList = FC5FA7D92C63031B0002E2A8 /* Build configuration list for PBXNativeTarget "WhereNowWatchWidgetExtension" */;
			buildPhases = (
				FC5FA7C72C6303190002E2A8 /* Sources */,
				FC5FA7C82C6303190002E2A8 /* Frameworks */,
				FC5FA7C92C6303190002E2A8 /* Resources */,
			);
			buildRules = (
			);
			dependencies = (
			);
			fileSystemSynchronizedGroups = (
				FC5FA7CE2C6303190002E2A8 /* WhereNowWatchWidget */,
			);
			name = WhereNowWatchWidgetExtension;
			packageProductDependencies = (
			);
			productName = WhereNowWatchWidgetExtension;
			productReference = FC5FA7CB2C6303190002E2A8 /* WhereNowWatchWidgetExtension.appex */;
			productType = "com.apple.product-type.app-extension";
		};
		FC8D68DB2CE7D33100283160 /* Where Now for AppleTV */ = {
			isa = PBXNativeTarget;
			buildConfigurationList = FC8D68FD2CE7D33500283160 /* Build configuration list for PBXNativeTarget "Where Now for AppleTV" */;
			buildPhases = (
				FC8D68D82CE7D33100283160 /* Sources */,
				FC8D68D92CE7D33100283160 /* Frameworks */,
				FC8D68DA2CE7D33100283160 /* Resources */,
			);
			buildRules = (
			);
			dependencies = (
			);
			fileSystemSynchronizedGroups = (
				FC8D68DD2CE7D33100283160 /* Where Now for AppleTV */,
			);
			name = "Where Now for AppleTV";
			packageProductDependencies = (
				FC7998792D6FEDE600612615 /* OpenAI */,
			);
			productName = "Where Now for AppleTV";
			productReference = FC8D68DC2CE7D33100283160 /* Where Now for AppleTV.app */;
			productType = "com.apple.product-type.application";
		};
		FC8D68EA2CE7D33400283160 /* Where Now for AppleTVTests */ = {
			isa = PBXNativeTarget;
			buildConfigurationList = FC8D69002CE7D33500283160 /* Build configuration list for PBXNativeTarget "Where Now for AppleTVTests" */;
			buildPhases = (
				FC8D68E72CE7D33400283160 /* Sources */,
				FC8D68E82CE7D33400283160 /* Frameworks */,
				FC8D68E92CE7D33400283160 /* Resources */,
			);
			buildRules = (
			);
			dependencies = (
				FC8D68ED2CE7D33400283160 /* PBXTargetDependency */,
			);
			fileSystemSynchronizedGroups = (
				FC8D68EE2CE7D33400283160 /* Where Now for AppleTVTests */,
			);
			name = "Where Now for AppleTVTests";
			packageProductDependencies = (
			);
			productName = "Where Now for AppleTVTests";
			productReference = FC8D68EB2CE7D33400283160 /* Where Now for AppleTVTests.xctest */;
			productType = "com.apple.product-type.bundle.unit-test";
		};
		FC8D68F42CE7D33500283160 /* Where Now for AppleTVUITests */ = {
			isa = PBXNativeTarget;
			buildConfigurationList = FC8D69032CE7D33500283160 /* Build configuration list for PBXNativeTarget "Where Now for AppleTVUITests" */;
			buildPhases = (
				FC8D68F12CE7D33500283160 /* Sources */,
				FC8D68F22CE7D33500283160 /* Frameworks */,
				FC8D68F32CE7D33500283160 /* Resources */,
			);
			buildRules = (
			);
			dependencies = (
				FC8D68F72CE7D33500283160 /* PBXTargetDependency */,
			);
			fileSystemSynchronizedGroups = (
				FC8D68F82CE7D33500283160 /* Where Now for AppleTVUITests */,
			);
			name = "Where Now for AppleTVUITests";
			packageProductDependencies = (
			);
			productName = "Where Now for AppleTVUITests";
			productReference = FC8D68F52CE7D33500283160 /* Where Now for AppleTVUITests.xctest */;
			productType = "com.apple.product-type.bundle.ui-testing";
		};
		FCE332BF2C5A9C240093D3EF /* WhereNowWidgetExtension */ = {
			isa = PBXNativeTarget;
			buildConfigurationList = FCE332D12C5A9C260093D3EF /* Build configuration list for PBXNativeTarget "WhereNowWidgetExtension" */;
			buildPhases = (
				FCE332BC2C5A9C240093D3EF /* Sources */,
				FCE332BD2C5A9C240093D3EF /* Frameworks */,
				FCE332BE2C5A9C240093D3EF /* Resources */,
			);
			buildRules = (
			);
			dependencies = (
			);
			fileSystemSynchronizedGroups = (
				FCE332C32C5A9C240093D3EF /* WhereNowWidget */,
			);
			name = WhereNowWidgetExtension;
			packageProductDependencies = (
			);
			productName = WhereNowWidgetExtension;
			productReference = FCE332C02C5A9C240093D3EF /* WhereNowWidgetExtension.appex */;
			productType = "com.apple.product-type.app-extension";
		};
/* End PBXNativeTarget section */

/* Begin PBXProject section */
		FC2491472C48A63600101DF3 /* Project object */ = {
			isa = PBXProject;
			attributes = {
				BuildIndependentTargetsInParallel = 1;
				KnownAssetTags = (
					"com.apple.gamecenter.Dashboard Image",
					com.apple.gamecenter.MyLeaderboardID,
				);
				LastSwiftUpdateCheck = 1610;
				LastUpgradeCheck = 1610;
				TargetAttributes = {
					FC24914E2C48A63600101DF3 = {
						CreatedOnToolsVersion = 16.0;
					};
					FC24915E2C48A63800101DF3 = {
						CreatedOnToolsVersion = 16.0;
						TestTargetID = FC24914E2C48A63600101DF3;
					};
					FC2491682C48A63800101DF3 = {
						CreatedOnToolsVersion = 16.0;
						TestTargetID = FC24914E2C48A63600101DF3;
					};
					FC2491742C48A63800101DF3 = {
						CreatedOnToolsVersion = 16.0;
					};
					FC2491862C48A63900101DF3 = {
						CreatedOnToolsVersion = 16.0;
						TestTargetID = FC2491742C48A63800101DF3;
					};
					FC2491902C48A63900101DF3 = {
						CreatedOnToolsVersion = 16.0;
						TestTargetID = FC2491742C48A63800101DF3;
					};
					FC5FA7CA2C6303190002E2A8 = {
						CreatedOnToolsVersion = 16.0;
					};
					FC8D68DB2CE7D33100283160 = {
						CreatedOnToolsVersion = 16.1;
					};
					FC8D68EA2CE7D33400283160 = {
						CreatedOnToolsVersion = 16.1;
						TestTargetID = FC8D68DB2CE7D33100283160;
					};
					FC8D68F42CE7D33500283160 = {
						CreatedOnToolsVersion = 16.1;
						TestTargetID = FC8D68DB2CE7D33100283160;
					};
					FCE332BF2C5A9C240093D3EF = {
						CreatedOnToolsVersion = 16.0;
					};
				};
			};
			buildConfigurationList = FC24914A2C48A63600101DF3 /* Build configuration list for PBXProject "WhereNow" */;
			compatibilityVersion = "Xcode 15.0";
			developmentRegion = en;
			hasScannedForEncodings = 0;
			knownRegions = (
				en,
				Base,
			);
			mainGroup = FC2491462C48A63600101DF3;
			packageReferences = (
				FC7998762D6FEDD400612615 /* XCRemoteSwiftPackageReference "OpenAI" */,
			);
			productRefGroup = FC2491502C48A63600101DF3 /* Products */;
			projectDirPath = "";
			projectRoot = "";
			targets = (
				FC24914E2C48A63600101DF3 /* WhereNow */,
				FC24915E2C48A63800101DF3 /* WhereNowTests */,
				FC2491682C48A63800101DF3 /* WhereNowUITests */,
				FC2491742C48A63800101DF3 /* WhereNow Watch App */,
				FC2491862C48A63900101DF3 /* WhereNow Watch AppTests */,
				FC2491902C48A63900101DF3 /* WhereNow Watch AppUITests */,
				FCE332BF2C5A9C240093D3EF /* WhereNowWidgetExtension */,
				FC5FA7CA2C6303190002E2A8 /* WhereNowWatchWidgetExtension */,
				FC8D68DB2CE7D33100283160 /* Where Now for AppleTV */,
				FC8D68EA2CE7D33400283160 /* Where Now for AppleTVTests */,
				FC8D68F42CE7D33500283160 /* Where Now for AppleTVUITests */,
			);
		};
/* End PBXProject section */

/* Begin PBXResourcesBuildPhase section */
		FC24914D2C48A63600101DF3 /* Resources */ = {
			isa = PBXResourcesBuildPhase;
			buildActionMask = 2147483647;
			files = (
			);
			runOnlyForDeploymentPostprocessing = 0;
		};
		FC24915D2C48A63800101DF3 /* Resources */ = {
			isa = PBXResourcesBuildPhase;
			buildActionMask = 2147483647;
			files = (
			);
			runOnlyForDeploymentPostprocessing = 0;
		};
		FC2491672C48A63800101DF3 /* Resources */ = {
			isa = PBXResourcesBuildPhase;
			buildActionMask = 2147483647;
			files = (
			);
			runOnlyForDeploymentPostprocessing = 0;
		};
		FC2491732C48A63800101DF3 /* Resources */ = {
			isa = PBXResourcesBuildPhase;
			buildActionMask = 2147483647;
			files = (
			);
			runOnlyForDeploymentPostprocessing = 0;
		};
		FC2491852C48A63900101DF3 /* Resources */ = {
			isa = PBXResourcesBuildPhase;
			buildActionMask = 2147483647;
			files = (
			);
			runOnlyForDeploymentPostprocessing = 0;
		};
		FC24918F2C48A63900101DF3 /* Resources */ = {
			isa = PBXResourcesBuildPhase;
			buildActionMask = 2147483647;
			files = (
			);
			runOnlyForDeploymentPostprocessing = 0;
		};
		FC5FA7C92C6303190002E2A8 /* Resources */ = {
			isa = PBXResourcesBuildPhase;
			buildActionMask = 2147483647;
			files = (
			);
			runOnlyForDeploymentPostprocessing = 0;
		};
		FC8D68DA2CE7D33100283160 /* Resources */ = {
			isa = PBXResourcesBuildPhase;
			buildActionMask = 2147483647;
			files = (
			);
			runOnlyForDeploymentPostprocessing = 0;
		};
		FC8D68E92CE7D33400283160 /* Resources */ = {
			isa = PBXResourcesBuildPhase;
			buildActionMask = 2147483647;
			files = (
			);
			runOnlyForDeploymentPostprocessing = 0;
		};
		FC8D68F32CE7D33500283160 /* Resources */ = {
			isa = PBXResourcesBuildPhase;
			buildActionMask = 2147483647;
			files = (
			);
			runOnlyForDeploymentPostprocessing = 0;
		};
		FCE332BE2C5A9C240093D3EF /* Resources */ = {
			isa = PBXResourcesBuildPhase;
			buildActionMask = 2147483647;
			files = (
			);
			runOnlyForDeploymentPostprocessing = 0;
		};
/* End PBXResourcesBuildPhase section */

/* Begin PBXSourcesBuildPhase section */
		FC24914B2C48A63600101DF3 /* Sources */ = {
			isa = PBXSourcesBuildPhase;
			buildActionMask = 2147483647;
			files = (
			);
			runOnlyForDeploymentPostprocessing = 0;
		};
		FC24915B2C48A63800101DF3 /* Sources */ = {
			isa = PBXSourcesBuildPhase;
			buildActionMask = 2147483647;
			files = (
			);
			runOnlyForDeploymentPostprocessing = 0;
		};
		FC2491652C48A63800101DF3 /* Sources */ = {
			isa = PBXSourcesBuildPhase;
			buildActionMask = 2147483647;
			files = (
			);
			runOnlyForDeploymentPostprocessing = 0;
		};
		FC2491712C48A63800101DF3 /* Sources */ = {
			isa = PBXSourcesBuildPhase;
			buildActionMask = 2147483647;
			files = (
			);
			runOnlyForDeploymentPostprocessing = 0;
		};
		FC2491832C48A63900101DF3 /* Sources */ = {
			isa = PBXSourcesBuildPhase;
			buildActionMask = 2147483647;
			files = (
			);
			runOnlyForDeploymentPostprocessing = 0;
		};
		FC24918D2C48A63900101DF3 /* Sources */ = {
			isa = PBXSourcesBuildPhase;
			buildActionMask = 2147483647;
			files = (
			);
			runOnlyForDeploymentPostprocessing = 0;
		};
		FC5FA7C72C6303190002E2A8 /* Sources */ = {
			isa = PBXSourcesBuildPhase;
			buildActionMask = 2147483647;
			files = (
			);
			runOnlyForDeploymentPostprocessing = 0;
		};
		FC8D68D82CE7D33100283160 /* Sources */ = {
			isa = PBXSourcesBuildPhase;
			buildActionMask = 2147483647;
			files = (
			);
			runOnlyForDeploymentPostprocessing = 0;
		};
		FC8D68E72CE7D33400283160 /* Sources */ = {
			isa = PBXSourcesBuildPhase;
			buildActionMask = 2147483647;
			files = (
			);
			runOnlyForDeploymentPostprocessing = 0;
		};
		FC8D68F12CE7D33500283160 /* Sources */ = {
			isa = PBXSourcesBuildPhase;
			buildActionMask = 2147483647;
			files = (
			);
			runOnlyForDeploymentPostprocessing = 0;
		};
		FCE332BC2C5A9C240093D3EF /* Sources */ = {
			isa = PBXSourcesBuildPhase;
			buildActionMask = 2147483647;
			files = (
			);
			runOnlyForDeploymentPostprocessing = 0;
		};
/* End PBXSourcesBuildPhase section */

/* Begin PBXTargetDependency section */
		FC2491612C48A63800101DF3 /* PBXTargetDependency */ = {
			isa = PBXTargetDependency;
			target = FC24914E2C48A63600101DF3 /* WhereNow */;
			targetProxy = FC2491602C48A63800101DF3 /* PBXContainerItemProxy */;
		};
		FC24916B2C48A63800101DF3 /* PBXTargetDependency */ = {
			isa = PBXTargetDependency;
			target = FC24914E2C48A63600101DF3 /* WhereNow */;
			targetProxy = FC24916A2C48A63800101DF3 /* PBXContainerItemProxy */;
		};
		FC2491782C48A63800101DF3 /* PBXTargetDependency */ = {
			isa = PBXTargetDependency;
			target = FC2491742C48A63800101DF3 /* WhereNow Watch App */;
			targetProxy = FC2491772C48A63800101DF3 /* PBXContainerItemProxy */;
		};
		FC2491892C48A63900101DF3 /* PBXTargetDependency */ = {
			isa = PBXTargetDependency;
			target = FC2491742C48A63800101DF3 /* WhereNow Watch App */;
			targetProxy = FC2491882C48A63900101DF3 /* PBXContainerItemProxy */;
		};
		FC2491932C48A63900101DF3 /* PBXTargetDependency */ = {
			isa = PBXTargetDependency;
			target = FC2491742C48A63800101DF3 /* WhereNow Watch App */;
			targetProxy = FC2491922C48A63900101DF3 /* PBXContainerItemProxy */;
		};
		FC5FA7D72C63031B0002E2A8 /* PBXTargetDependency */ = {
			isa = PBXTargetDependency;
			target = FC5FA7CA2C6303190002E2A8 /* WhereNowWatchWidgetExtension */;
			targetProxy = FC5FA7D62C63031B0002E2A8 /* PBXContainerItemProxy */;
		};
		FC8D68ED2CE7D33400283160 /* PBXTargetDependency */ = {
			isa = PBXTargetDependency;
			target = FC8D68DB2CE7D33100283160 /* Where Now for AppleTV */;
			targetProxy = FC8D68EC2CE7D33400283160 /* PBXContainerItemProxy */;
		};
		FC8D68F72CE7D33500283160 /* PBXTargetDependency */ = {
			isa = PBXTargetDependency;
			target = FC8D68DB2CE7D33100283160 /* Where Now for AppleTV */;
			targetProxy = FC8D68F62CE7D33500283160 /* PBXContainerItemProxy */;
		};
		FCE332CF2C5A9C260093D3EF /* PBXTargetDependency */ = {
			isa = PBXTargetDependency;
			platformFilter = ios;
			target = FCE332BF2C5A9C240093D3EF /* WhereNowWidgetExtension */;
			targetProxy = FCE332CE2C5A9C260093D3EF /* PBXContainerItemProxy */;
		};
/* End PBXTargetDependency section */

/* Begin XCBuildConfiguration section */
		FC2491992C48A63900101DF3 /* Debug */ = {
			isa = XCBuildConfiguration;
			buildSettings = {
				ALWAYS_SEARCH_USER_PATHS = NO;
				ASSETCATALOG_COMPILER_GENERATE_SWIFT_ASSET_SYMBOL_EXTENSIONS = YES;
				CLANG_ANALYZER_NONNULL = YES;
				CLANG_ANALYZER_NUMBER_OBJECT_CONVERSION = YES_AGGRESSIVE;
				CLANG_CXX_LANGUAGE_STANDARD = "gnu++20";
				CLANG_ENABLE_MODULES = YES;
				CLANG_ENABLE_OBJC_ARC = YES;
				CLANG_ENABLE_OBJC_WEAK = YES;
				CLANG_WARN_BLOCK_CAPTURE_AUTORELEASING = YES;
				CLANG_WARN_BOOL_CONVERSION = YES;
				CLANG_WARN_COMMA = YES;
				CLANG_WARN_CONSTANT_CONVERSION = YES;
				CLANG_WARN_DEPRECATED_OBJC_IMPLEMENTATIONS = YES;
				CLANG_WARN_DIRECT_OBJC_ISA_USAGE = YES_ERROR;
				CLANG_WARN_DOCUMENTATION_COMMENTS = YES;
				CLANG_WARN_EMPTY_BODY = YES;
				CLANG_WARN_ENUM_CONVERSION = YES;
				CLANG_WARN_INFINITE_RECURSION = YES;
				CLANG_WARN_INT_CONVERSION = YES;
				CLANG_WARN_NON_LITERAL_NULL_CONVERSION = YES;
				CLANG_WARN_OBJC_IMPLICIT_RETAIN_SELF = YES;
				CLANG_WARN_OBJC_LITERAL_CONVERSION = YES;
				CLANG_WARN_OBJC_ROOT_CLASS = YES_ERROR;
				CLANG_WARN_QUOTED_INCLUDE_IN_FRAMEWORK_HEADER = YES;
				CLANG_WARN_RANGE_LOOP_ANALYSIS = YES;
				CLANG_WARN_STRICT_PROTOTYPES = YES;
				CLANG_WARN_SUSPICIOUS_MOVE = YES;
				CLANG_WARN_UNGUARDED_AVAILABILITY = YES_AGGRESSIVE;
				CLANG_WARN_UNREACHABLE_CODE = YES;
				CLANG_WARN__DUPLICATE_METHOD_MATCH = YES;
				COPY_PHASE_STRIP = NO;
				DEAD_CODE_STRIPPING = YES;
				DEBUG_INFORMATION_FORMAT = dwarf;
				ENABLE_STRICT_OBJC_MSGSEND = YES;
				ENABLE_TESTABILITY = YES;
				ENABLE_USER_SCRIPT_SANDBOXING = YES;
				GCC_C_LANGUAGE_STANDARD = gnu17;
				GCC_DYNAMIC_NO_PIC = NO;
				GCC_NO_COMMON_BLOCKS = YES;
				GCC_OPTIMIZATION_LEVEL = 0;
				GCC_PREPROCESSOR_DEFINITIONS = (
					"DEBUG=1",
					"$(inherited)",
				);
				GCC_WARN_64_TO_32_BIT_CONVERSION = YES;
				GCC_WARN_ABOUT_RETURN_TYPE = YES_ERROR;
				GCC_WARN_UNDECLARED_SELECTOR = YES;
				GCC_WARN_UNINITIALIZED_AUTOS = YES_AGGRESSIVE;
				GCC_WARN_UNUSED_FUNCTION = YES;
				GCC_WARN_UNUSED_VARIABLE = YES;
				LOCALIZATION_PREFERS_STRING_CATALOGS = YES;
				MTL_ENABLE_DEBUG_INFO = INCLUDE_SOURCE;
				MTL_FAST_MATH = YES;
				ONLY_ACTIVE_ARCH = YES;
				SWIFT_ACTIVE_COMPILATION_CONDITIONS = "DEBUG $(inherited)";
				SWIFT_OPTIMIZATION_LEVEL = "-Onone";
			};
			name = Debug;
		};
		FC24919A2C48A63900101DF3 /* Release */ = {
			isa = XCBuildConfiguration;
			buildSettings = {
				ALWAYS_SEARCH_USER_PATHS = NO;
				ASSETCATALOG_COMPILER_GENERATE_SWIFT_ASSET_SYMBOL_EXTENSIONS = YES;
				CLANG_ANALYZER_NONNULL = YES;
				CLANG_ANALYZER_NUMBER_OBJECT_CONVERSION = YES_AGGRESSIVE;
				CLANG_CXX_LANGUAGE_STANDARD = "gnu++20";
				CLANG_ENABLE_MODULES = YES;
				CLANG_ENABLE_OBJC_ARC = YES;
				CLANG_ENABLE_OBJC_WEAK = YES;
				CLANG_WARN_BLOCK_CAPTURE_AUTORELEASING = YES;
				CLANG_WARN_BOOL_CONVERSION = YES;
				CLANG_WARN_COMMA = YES;
				CLANG_WARN_CONSTANT_CONVERSION = YES;
				CLANG_WARN_DEPRECATED_OBJC_IMPLEMENTATIONS = YES;
				CLANG_WARN_DIRECT_OBJC_ISA_USAGE = YES_ERROR;
				CLANG_WARN_DOCUMENTATION_COMMENTS = YES;
				CLANG_WARN_EMPTY_BODY = YES;
				CLANG_WARN_ENUM_CONVERSION = YES;
				CLANG_WARN_INFINITE_RECURSION = YES;
				CLANG_WARN_INT_CONVERSION = YES;
				CLANG_WARN_NON_LITERAL_NULL_CONVERSION = YES;
				CLANG_WARN_OBJC_IMPLICIT_RETAIN_SELF = YES;
				CLANG_WARN_OBJC_LITERAL_CONVERSION = YES;
				CLANG_WARN_OBJC_ROOT_CLASS = YES_ERROR;
				CLANG_WARN_QUOTED_INCLUDE_IN_FRAMEWORK_HEADER = YES;
				CLANG_WARN_RANGE_LOOP_ANALYSIS = YES;
				CLANG_WARN_STRICT_PROTOTYPES = YES;
				CLANG_WARN_SUSPICIOUS_MOVE = YES;
				CLANG_WARN_UNGUARDED_AVAILABILITY = YES_AGGRESSIVE;
				CLANG_WARN_UNREACHABLE_CODE = YES;
				CLANG_WARN__DUPLICATE_METHOD_MATCH = YES;
				COPY_PHASE_STRIP = NO;
				DEAD_CODE_STRIPPING = YES;
				DEBUG_INFORMATION_FORMAT = "dwarf-with-dsym";
				ENABLE_NS_ASSERTIONS = NO;
				ENABLE_STRICT_OBJC_MSGSEND = YES;
				ENABLE_USER_SCRIPT_SANDBOXING = YES;
				GCC_C_LANGUAGE_STANDARD = gnu17;
				GCC_NO_COMMON_BLOCKS = YES;
				GCC_WARN_64_TO_32_BIT_CONVERSION = YES;
				GCC_WARN_ABOUT_RETURN_TYPE = YES_ERROR;
				GCC_WARN_UNDECLARED_SELECTOR = YES;
				GCC_WARN_UNINITIALIZED_AUTOS = YES_AGGRESSIVE;
				GCC_WARN_UNUSED_FUNCTION = YES;
				GCC_WARN_UNUSED_VARIABLE = YES;
				LOCALIZATION_PREFERS_STRING_CATALOGS = YES;
				MTL_ENABLE_DEBUG_INFO = NO;
				MTL_FAST_MATH = YES;
				SWIFT_COMPILATION_MODE = wholemodule;
			};
			name = Release;
		};
		FC24919C2C48A63900101DF3 /* Debug */ = {
			isa = XCBuildConfiguration;
			buildSettings = {
				ASSETCATALOG_COMPILER_APPICON_NAME = AppIcon;
				ASSETCATALOG_COMPILER_COMPLICATION_NAME = "";
				ASSETCATALOG_COMPILER_GLOBAL_ACCENT_COLOR_NAME = AccentColor;
				ASSETCATALOG_COMPILER_INCLUDE_ALL_APPICON_ASSETS = NO;
				ASSETCATALOG_COMPILER_WIDGET_BACKGROUND_COLOR_NAME = "";
				CODE_SIGN_STYLE = Automatic;
				CURRENT_PROJECT_VERSION = 1;
				DEVELOPMENT_ASSET_PATHS = "\"WhereNow Watch App/Preview Content\"";
				DEVELOPMENT_TEAM = KB8WXAHJCD;
				ENABLE_PREVIEWS = YES;
				GENERATE_INFOPLIST_FILE = YES;
				INFOPLIST_FILE = "WhereNow-Watch-App-Info.plist";
				INFOPLIST_KEY_CFBundleDisplayName = "Where Now!";
				INFOPLIST_KEY_CLKComplicationPrincipalClass = ComplicationController;
				INFOPLIST_KEY_NSLocationAlwaysAndWhenInUseUsageDescription = "By enabling \"Always\" access, the location data can be made available more readily.";
				INFOPLIST_KEY_NSLocationUsageDescription = "This app can show you its location using GPS-derived data.";
				INFOPLIST_KEY_NSLocationWhenInUseUsageDescription = "This app can show you its location using GPS-derived data.";
				INFOPLIST_KEY_NSSupportsLiveActivities = YES;
				INFOPLIST_KEY_NSSupportsLiveActivitiesFrequentUpdates = YES;
				INFOPLIST_KEY_UISupportedInterfaceOrientations = "UIInterfaceOrientationPortrait UIInterfaceOrientationPortraitUpsideDown";
				INFOPLIST_KEY_WKCompanionAppBundleIdentifier = OCoileain.Jon.WhereNow;
				INFOPLIST_KEY_WKRunsIndependentlyOfCompanionApp = YES;
				LD_RUNPATH_SEARCH_PATHS = (
					"$(inherited)",
					"@executable_path/Frameworks",
				);
				MARKETING_VERSION = 2.14;
				PRODUCT_BUNDLE_IDENTIFIER = OCoileain.Jon.WhereNow.watchkitapp;
				PRODUCT_NAME = "$(TARGET_NAME)";
				SDKROOT = watchos;
				SKIP_INSTALL = YES;
				SWIFT_EMIT_LOC_STRINGS = YES;
				SWIFT_VERSION = 5.0;
				TARGETED_DEVICE_FAMILY = 4;
				WATCHOS_DEPLOYMENT_TARGET = 11.0;
			};
			name = Debug;
		};
		FC24919D2C48A63900101DF3 /* Release */ = {
			isa = XCBuildConfiguration;
			buildSettings = {
				ASSETCATALOG_COMPILER_APPICON_NAME = AppIcon;
				ASSETCATALOG_COMPILER_COMPLICATION_NAME = "";
				ASSETCATALOG_COMPILER_GLOBAL_ACCENT_COLOR_NAME = AccentColor;
				ASSETCATALOG_COMPILER_INCLUDE_ALL_APPICON_ASSETS = NO;
				ASSETCATALOG_COMPILER_WIDGET_BACKGROUND_COLOR_NAME = "";
				CODE_SIGN_STYLE = Automatic;
				CURRENT_PROJECT_VERSION = 1;
				DEVELOPMENT_ASSET_PATHS = "\"WhereNow Watch App/Preview Content\"";
				DEVELOPMENT_TEAM = KB8WXAHJCD;
				ENABLE_PREVIEWS = YES;
				GENERATE_INFOPLIST_FILE = YES;
				INFOPLIST_FILE = "WhereNow-Watch-App-Info.plist";
				INFOPLIST_KEY_CFBundleDisplayName = "Where Now!";
				INFOPLIST_KEY_CLKComplicationPrincipalClass = ComplicationController;
				INFOPLIST_KEY_NSLocationAlwaysAndWhenInUseUsageDescription = "By enabling \"Always\" access, the location data can be made available more readily.";
				INFOPLIST_KEY_NSLocationUsageDescription = "This app can show you its location using GPS-derived data.";
				INFOPLIST_KEY_NSLocationWhenInUseUsageDescription = "This app can show you its location using GPS-derived data.";
				INFOPLIST_KEY_NSSupportsLiveActivities = YES;
				INFOPLIST_KEY_NSSupportsLiveActivitiesFrequentUpdates = YES;
				INFOPLIST_KEY_UISupportedInterfaceOrientations = "UIInterfaceOrientationPortrait UIInterfaceOrientationPortraitUpsideDown";
				INFOPLIST_KEY_WKCompanionAppBundleIdentifier = OCoileain.Jon.WhereNow;
				INFOPLIST_KEY_WKRunsIndependentlyOfCompanionApp = YES;
				LD_RUNPATH_SEARCH_PATHS = (
					"$(inherited)",
					"@executable_path/Frameworks",
				);
				MARKETING_VERSION = 2.14;
				PRODUCT_BUNDLE_IDENTIFIER = OCoileain.Jon.WhereNow.watchkitapp;
				PRODUCT_NAME = "$(TARGET_NAME)";
				SDKROOT = watchos;
				SKIP_INSTALL = YES;
				SWIFT_EMIT_LOC_STRINGS = YES;
				SWIFT_VERSION = 5.0;
				TARGETED_DEVICE_FAMILY = 4;
				VALIDATE_PRODUCT = YES;
				WATCHOS_DEPLOYMENT_TARGET = 11.0;
			};
			name = Release;
		};
		FC2491A02C48A63900101DF3 /* Debug */ = {
			isa = XCBuildConfiguration;
			buildSettings = {
				ASSETCATALOG_COMPILER_APPICON_NAME = AppIcon;
				ASSETCATALOG_COMPILER_GLOBAL_ACCENT_COLOR_NAME = AccentColor;
				ASSETCATALOG_COMPILER_WIDGET_BACKGROUND_COLOR_NAME = "";
				CODE_SIGN_ENTITLEMENTS = WhereNow/WhereNow.entitlements;
				CODE_SIGN_STYLE = Automatic;
				CURRENT_PROJECT_VERSION = 1;
				DEVELOPMENT_ASSET_PATHS = "\"WhereNow/Preview Content\"";
				DEVELOPMENT_TEAM = KB8WXAHJCD;
				ENABLE_PREVIEWS = YES;
				GENERATE_INFOPLIST_FILE = YES;
				INFOPLIST_FILE = WhereNow/Info.plist;
				INFOPLIST_KEY_CFBundleDisplayName = "Where Now!";
				INFOPLIST_KEY_LSApplicationCategoryType = "public.app-category.education";
				INFOPLIST_KEY_LSSupportsOpeningDocumentsInPlace = NO;
				INFOPLIST_KEY_NSLocationAlwaysAndWhenInUseUsageDescription = "By enabling \"Always\" access, the location data can be made available more readily.";
				INFOPLIST_KEY_NSLocationUsageDescription = "This app can show you its location, local weather information, and local bird sighting data using GPS-derived data.";
				INFOPLIST_KEY_NSLocationWhenInUseUsageDescription = "The app provides data such as weather information and local bird sightings based on your location.";
				INFOPLIST_KEY_NSSupportsLiveActivities = YES;
				INFOPLIST_KEY_NSSupportsLiveActivitiesFrequentUpdates = YES;
				INFOPLIST_KEY_UIApplicationSceneManifest_Generation = YES;
				INFOPLIST_KEY_UIApplicationSupportsIndirectInputEvents = YES;
				INFOPLIST_KEY_UILaunchScreen_Generation = YES;
				INFOPLIST_KEY_UISupportedInterfaceOrientations_iPad = "UIInterfaceOrientationPortrait UIInterfaceOrientationPortraitUpsideDown UIInterfaceOrientationLandscapeLeft UIInterfaceOrientationLandscapeRight";
				INFOPLIST_KEY_UISupportedInterfaceOrientations_iPhone = "UIInterfaceOrientationPortrait UIInterfaceOrientationLandscapeLeft UIInterfaceOrientationLandscapeRight";
				IPHONEOS_DEPLOYMENT_TARGET = 18.0;
				LD_RUNPATH_SEARCH_PATHS = (
					"$(inherited)",
					"@executable_path/Frameworks",
				);
				MARKETING_VERSION = 2.14;
				PRODUCT_BUNDLE_IDENTIFIER = OCoileain.Jon.WhereNow;
				PRODUCT_NAME = "$(TARGET_NAME)";
				SDKROOT = iphoneos;
				SUPPORTED_PLATFORMS = "iphoneos iphonesimulator";
				SUPPORTS_MACCATALYST = NO;
				SUPPORTS_XR_DESIGNED_FOR_IPHONE_IPAD = YES;
				SWIFT_EMIT_LOC_STRINGS = YES;
				SWIFT_VERSION = 5.0;
				TARGETED_DEVICE_FAMILY = "1,2";
			};
			name = Debug;
		};
		FC2491A12C48A63900101DF3 /* Release */ = {
			isa = XCBuildConfiguration;
			buildSettings = {
				ASSETCATALOG_COMPILER_APPICON_NAME = AppIcon;
				ASSETCATALOG_COMPILER_GLOBAL_ACCENT_COLOR_NAME = AccentColor;
				ASSETCATALOG_COMPILER_WIDGET_BACKGROUND_COLOR_NAME = "";
				CODE_SIGN_ENTITLEMENTS = WhereNow/WhereNow.entitlements;
				CODE_SIGN_STYLE = Automatic;
				CURRENT_PROJECT_VERSION = 1;
				DEVELOPMENT_ASSET_PATHS = "\"WhereNow/Preview Content\"";
				DEVELOPMENT_TEAM = KB8WXAHJCD;
				ENABLE_PREVIEWS = YES;
				GENERATE_INFOPLIST_FILE = YES;
				INFOPLIST_FILE = WhereNow/Info.plist;
				INFOPLIST_KEY_CFBundleDisplayName = "Where Now!";
				INFOPLIST_KEY_LSApplicationCategoryType = "public.app-category.education";
				INFOPLIST_KEY_LSSupportsOpeningDocumentsInPlace = NO;
				INFOPLIST_KEY_NSLocationAlwaysAndWhenInUseUsageDescription = "By enabling \"Always\" access, the location data can be made available more readily.";
				INFOPLIST_KEY_NSLocationUsageDescription = "This app can show you its location, local weather information, and local bird sighting data using GPS-derived data.";
				INFOPLIST_KEY_NSLocationWhenInUseUsageDescription = "The app provides data such as weather information and local bird sightings based on your location.";
				INFOPLIST_KEY_NSSupportsLiveActivities = YES;
				INFOPLIST_KEY_NSSupportsLiveActivitiesFrequentUpdates = YES;
				INFOPLIST_KEY_UIApplicationSceneManifest_Generation = YES;
				INFOPLIST_KEY_UIApplicationSupportsIndirectInputEvents = YES;
				INFOPLIST_KEY_UILaunchScreen_Generation = YES;
				INFOPLIST_KEY_UISupportedInterfaceOrientations_iPad = "UIInterfaceOrientationPortrait UIInterfaceOrientationPortraitUpsideDown UIInterfaceOrientationLandscapeLeft UIInterfaceOrientationLandscapeRight";
				INFOPLIST_KEY_UISupportedInterfaceOrientations_iPhone = "UIInterfaceOrientationPortrait UIInterfaceOrientationLandscapeLeft UIInterfaceOrientationLandscapeRight";
				IPHONEOS_DEPLOYMENT_TARGET = 18.0;
				LD_RUNPATH_SEARCH_PATHS = (
					"$(inherited)",
					"@executable_path/Frameworks",
				);
				MARKETING_VERSION = 2.14;
				PRODUCT_BUNDLE_IDENTIFIER = OCoileain.Jon.WhereNow;
				PRODUCT_NAME = "$(TARGET_NAME)";
				SDKROOT = iphoneos;
				SUPPORTED_PLATFORMS = "iphoneos iphonesimulator";
				SUPPORTS_MACCATALYST = NO;
				SUPPORTS_XR_DESIGNED_FOR_IPHONE_IPAD = YES;
				SWIFT_EMIT_LOC_STRINGS = YES;
				SWIFT_VERSION = 5.0;
				TARGETED_DEVICE_FAMILY = "1,2";
				VALIDATE_PRODUCT = YES;
			};
			name = Release;
		};
		FC2491A32C48A63900101DF3 /* Debug */ = {
			isa = XCBuildConfiguration;
			buildSettings = {
				BUNDLE_LOADER = "$(TEST_HOST)";
				CODE_SIGN_STYLE = Automatic;
				CURRENT_PROJECT_VERSION = 1;
				DEVELOPMENT_TEAM = KB8WXAHJCD;
				GENERATE_INFOPLIST_FILE = YES;
				IPHONEOS_DEPLOYMENT_TARGET = 18.0;
				MARKETING_VERSION = 1.0;
				PRODUCT_BUNDLE_IDENTIFIER = OCoileain.Jon.WhereNowTests;
				PRODUCT_NAME = "$(TARGET_NAME)";
				SDKROOT = iphoneos;
				SWIFT_EMIT_LOC_STRINGS = NO;
				SWIFT_VERSION = 5.0;
				TARGETED_DEVICE_FAMILY = "1,2";
				TEST_HOST = "$(BUILT_PRODUCTS_DIR)/WhereNow.app/$(BUNDLE_EXECUTABLE_FOLDER_PATH)/WhereNow";
			};
			name = Debug;
		};
		FC2491A42C48A63900101DF3 /* Release */ = {
			isa = XCBuildConfiguration;
			buildSettings = {
				BUNDLE_LOADER = "$(TEST_HOST)";
				CODE_SIGN_STYLE = Automatic;
				CURRENT_PROJECT_VERSION = 1;
				DEVELOPMENT_TEAM = KB8WXAHJCD;
				GENERATE_INFOPLIST_FILE = YES;
				IPHONEOS_DEPLOYMENT_TARGET = 18.0;
				MARKETING_VERSION = 1.0;
				PRODUCT_BUNDLE_IDENTIFIER = OCoileain.Jon.WhereNowTests;
				PRODUCT_NAME = "$(TARGET_NAME)";
				SDKROOT = iphoneos;
				SWIFT_EMIT_LOC_STRINGS = NO;
				SWIFT_VERSION = 5.0;
				TARGETED_DEVICE_FAMILY = "1,2";
				TEST_HOST = "$(BUILT_PRODUCTS_DIR)/WhereNow.app/$(BUNDLE_EXECUTABLE_FOLDER_PATH)/WhereNow";
				VALIDATE_PRODUCT = YES;
			};
			name = Release;
		};
		FC2491A62C48A63900101DF3 /* Debug */ = {
			isa = XCBuildConfiguration;
			buildSettings = {
				CODE_SIGN_STYLE = Automatic;
				CURRENT_PROJECT_VERSION = 1;
				DEVELOPMENT_TEAM = KB8WXAHJCD;
				GENERATE_INFOPLIST_FILE = YES;
				IPHONEOS_DEPLOYMENT_TARGET = 18.0;
				MARKETING_VERSION = 1.0;
				PRODUCT_BUNDLE_IDENTIFIER = OCoileain.Jon.WhereNowUITests;
				PRODUCT_NAME = "$(TARGET_NAME)";
				SDKROOT = iphoneos;
				SWIFT_EMIT_LOC_STRINGS = NO;
				SWIFT_VERSION = 5.0;
				TARGETED_DEVICE_FAMILY = "1,2";
				TEST_TARGET_NAME = WhereNow;
			};
			name = Debug;
		};
		FC2491A72C48A63900101DF3 /* Release */ = {
			isa = XCBuildConfiguration;
			buildSettings = {
				CODE_SIGN_STYLE = Automatic;
				CURRENT_PROJECT_VERSION = 1;
				DEVELOPMENT_TEAM = KB8WXAHJCD;
				GENERATE_INFOPLIST_FILE = YES;
				IPHONEOS_DEPLOYMENT_TARGET = 18.0;
				MARKETING_VERSION = 1.0;
				PRODUCT_BUNDLE_IDENTIFIER = OCoileain.Jon.WhereNowUITests;
				PRODUCT_NAME = "$(TARGET_NAME)";
				SDKROOT = iphoneos;
				SWIFT_EMIT_LOC_STRINGS = NO;
				SWIFT_VERSION = 5.0;
				TARGETED_DEVICE_FAMILY = "1,2";
				TEST_TARGET_NAME = WhereNow;
				VALIDATE_PRODUCT = YES;
			};
			name = Release;
		};
		FC2491A92C48A63900101DF3 /* Debug */ = {
			isa = XCBuildConfiguration;
			buildSettings = {
				BUNDLE_LOADER = "$(TEST_HOST)";
				CODE_SIGN_STYLE = Automatic;
				CURRENT_PROJECT_VERSION = 1;
				DEVELOPMENT_TEAM = KB8WXAHJCD;
				GENERATE_INFOPLIST_FILE = YES;
				MARKETING_VERSION = 1.0;
				PRODUCT_BUNDLE_IDENTIFIER = "OCoileain.Jon.WhereNow-Watch-AppTests";
				PRODUCT_NAME = "$(TARGET_NAME)";
				SDKROOT = watchos;
				SWIFT_EMIT_LOC_STRINGS = NO;
				SWIFT_VERSION = 5.0;
				TARGETED_DEVICE_FAMILY = 4;
				TEST_HOST = "$(BUILT_PRODUCTS_DIR)/WhereNow Watch App.app/$(BUNDLE_EXECUTABLE_FOLDER_PATH)/WhereNow Watch App";
				WATCHOS_DEPLOYMENT_TARGET = 11.0;
			};
			name = Debug;
		};
		FC2491AA2C48A63900101DF3 /* Release */ = {
			isa = XCBuildConfiguration;
			buildSettings = {
				BUNDLE_LOADER = "$(TEST_HOST)";
				CODE_SIGN_STYLE = Automatic;
				CURRENT_PROJECT_VERSION = 1;
				DEVELOPMENT_TEAM = KB8WXAHJCD;
				GENERATE_INFOPLIST_FILE = YES;
				MARKETING_VERSION = 1.0;
				PRODUCT_BUNDLE_IDENTIFIER = "OCoileain.Jon.WhereNow-Watch-AppTests";
				PRODUCT_NAME = "$(TARGET_NAME)";
				SDKROOT = watchos;
				SWIFT_EMIT_LOC_STRINGS = NO;
				SWIFT_VERSION = 5.0;
				TARGETED_DEVICE_FAMILY = 4;
				TEST_HOST = "$(BUILT_PRODUCTS_DIR)/WhereNow Watch App.app/$(BUNDLE_EXECUTABLE_FOLDER_PATH)/WhereNow Watch App";
				VALIDATE_PRODUCT = YES;
				WATCHOS_DEPLOYMENT_TARGET = 11.0;
			};
			name = Release;
		};
		FC2491AC2C48A63900101DF3 /* Debug */ = {
			isa = XCBuildConfiguration;
			buildSettings = {
				CODE_SIGN_STYLE = Automatic;
				CURRENT_PROJECT_VERSION = 1;
				DEVELOPMENT_TEAM = KB8WXAHJCD;
				GENERATE_INFOPLIST_FILE = YES;
				MARKETING_VERSION = 1.0;
				PRODUCT_BUNDLE_IDENTIFIER = "OCoileain.Jon.WhereNow-Watch-AppUITests";
				PRODUCT_NAME = "$(TARGET_NAME)";
				SDKROOT = watchos;
				SWIFT_EMIT_LOC_STRINGS = NO;
				SWIFT_VERSION = 5.0;
				TARGETED_DEVICE_FAMILY = 4;
				TEST_TARGET_NAME = "WhereNow Watch App";
				WATCHOS_DEPLOYMENT_TARGET = 11.0;
			};
			name = Debug;
		};
		FC2491AD2C48A63900101DF3 /* Release */ = {
			isa = XCBuildConfiguration;
			buildSettings = {
				CODE_SIGN_STYLE = Automatic;
				CURRENT_PROJECT_VERSION = 1;
				DEVELOPMENT_TEAM = KB8WXAHJCD;
				GENERATE_INFOPLIST_FILE = YES;
				MARKETING_VERSION = 1.0;
				PRODUCT_BUNDLE_IDENTIFIER = "OCoileain.Jon.WhereNow-Watch-AppUITests";
				PRODUCT_NAME = "$(TARGET_NAME)";
				SDKROOT = watchos;
				SWIFT_EMIT_LOC_STRINGS = NO;
				SWIFT_VERSION = 5.0;
				TARGETED_DEVICE_FAMILY = 4;
				TEST_TARGET_NAME = "WhereNow Watch App";
				VALIDATE_PRODUCT = YES;
				WATCHOS_DEPLOYMENT_TARGET = 11.0;
			};
			name = Release;
		};
		FC5FA7DA2C63031B0002E2A8 /* Debug */ = {
			isa = XCBuildConfiguration;
			buildSettings = {
				ASSETCATALOG_COMPILER_GLOBAL_ACCENT_COLOR_NAME = AccentColor;
				ASSETCATALOG_COMPILER_WIDGET_BACKGROUND_COLOR_NAME = WidgetBackground;
				CODE_SIGN_STYLE = Automatic;
				CURRENT_PROJECT_VERSION = 1;
				DEVELOPMENT_TEAM = KB8WXAHJCD;
				GENERATE_INFOPLIST_FILE = YES;
				INFOPLIST_FILE = WhereNowWatchWidget/Info.plist;
				INFOPLIST_KEY_CFBundleDisplayName = WhereNowWatchWidget;
				INFOPLIST_KEY_NSHumanReadableCopyright = "";
				INFOPLIST_KEY_NSLocationAlwaysAndWhenInUseUsageDescription = "By enabling \"Always\" access, the location data can be made available more readily.";
				INFOPLIST_KEY_NSLocationWhenInUseUsageDescription = "The app shows information based on your location.";
				LD_RUNPATH_SEARCH_PATHS = (
					"$(inherited)",
					"@executable_path/Frameworks",
					"@executable_path/../../Frameworks",
					"@executable_path/../../../../Frameworks",
				);
				MARKETING_VERSION = 2.14;
				PRODUCT_BUNDLE_IDENTIFIER = OCoileain.Jon.WhereNow.watchkitapp.WhereNowWatchWidget;
				PRODUCT_NAME = "$(TARGET_NAME)";
				SDKROOT = watchos;
				SKIP_INSTALL = YES;
				SWIFT_EMIT_LOC_STRINGS = YES;
				SWIFT_VERSION = 5.0;
				TARGETED_DEVICE_FAMILY = 4;
				WATCHOS_DEPLOYMENT_TARGET = 11.0;
			};
			name = Debug;
		};
		FC5FA7DB2C63031B0002E2A8 /* Release */ = {
			isa = XCBuildConfiguration;
			buildSettings = {
				ASSETCATALOG_COMPILER_GLOBAL_ACCENT_COLOR_NAME = AccentColor;
				ASSETCATALOG_COMPILER_WIDGET_BACKGROUND_COLOR_NAME = WidgetBackground;
				CODE_SIGN_STYLE = Automatic;
				CURRENT_PROJECT_VERSION = 1;
				DEVELOPMENT_TEAM = KB8WXAHJCD;
				GENERATE_INFOPLIST_FILE = YES;
				INFOPLIST_FILE = WhereNowWatchWidget/Info.plist;
				INFOPLIST_KEY_CFBundleDisplayName = WhereNowWatchWidget;
				INFOPLIST_KEY_NSHumanReadableCopyright = "";
				INFOPLIST_KEY_NSLocationAlwaysAndWhenInUseUsageDescription = "By enabling \"Always\" access, the location data can be made available more readily.";
				INFOPLIST_KEY_NSLocationWhenInUseUsageDescription = "The app shows information based on your location.";
				LD_RUNPATH_SEARCH_PATHS = (
					"$(inherited)",
					"@executable_path/Frameworks",
					"@executable_path/../../Frameworks",
					"@executable_path/../../../../Frameworks",
				);
				MARKETING_VERSION = 2.14;
				PRODUCT_BUNDLE_IDENTIFIER = OCoileain.Jon.WhereNow.watchkitapp.WhereNowWatchWidget;
				PRODUCT_NAME = "$(TARGET_NAME)";
				SDKROOT = watchos;
				SKIP_INSTALL = YES;
				SWIFT_EMIT_LOC_STRINGS = YES;
				SWIFT_VERSION = 5.0;
				TARGETED_DEVICE_FAMILY = 4;
				VALIDATE_PRODUCT = YES;
				WATCHOS_DEPLOYMENT_TARGET = 11.0;
			};
			name = Release;
		};
		FC8D68FE2CE7D33500283160 /* Debug */ = {
			isa = XCBuildConfiguration;
			buildSettings = {
				ASSETCATALOG_COMPILER_APPICON_NAME = "App Icon & Top Shelf Image";
				ASSETCATALOG_COMPILER_GLOBAL_ACCENT_COLOR_NAME = AccentColor;
				CODE_SIGN_STYLE = Automatic;
				CURRENT_PROJECT_VERSION = 1;
				DEVELOPMENT_TEAM = KB8WXAHJCD;
				ENABLE_PREVIEWS = YES;
				GENERATE_INFOPLIST_FILE = YES;
				INFOPLIST_FILE = "Where-Now-for-AppleTV-Info.plist";
				INFOPLIST_KEY_CFBundleDisplayName = "Where Now!";
				INFOPLIST_KEY_LSApplicationCategoryType = "public.app-category.education";
				INFOPLIST_KEY_NSLocationUsageDescription = "This app can show you its location, local weather information, and local bird sighting data using GPS-derived data.";
				INFOPLIST_KEY_NSLocationWhenInUseUsageDescription = "The app provides data such as weather information and local bird sightings based on your location.";
				INFOPLIST_KEY_UILaunchScreen_Generation = YES;
				INFOPLIST_KEY_UIUserInterfaceStyle = Automatic;
				LD_RUNPATH_SEARCH_PATHS = (
					"$(inherited)",
					"@executable_path/Frameworks",
				);
				MARKETING_VERSION = 2.14;
				PRODUCT_BUNDLE_IDENTIFIER = OCoileain.Jon.WhereNow;
				PRODUCT_NAME = "$(TARGET_NAME)";
				SDKROOT = appletvos;
				SWIFT_EMIT_LOC_STRINGS = YES;
				SWIFT_VERSION = 5.0;
				TARGETED_DEVICE_FAMILY = 3;
				TVOS_DEPLOYMENT_TARGET = 18.1;
			};
			name = Debug;
		};
		FC8D68FF2CE7D33500283160 /* Release */ = {
			isa = XCBuildConfiguration;
			buildSettings = {
				ASSETCATALOG_COMPILER_APPICON_NAME = "App Icon & Top Shelf Image";
				ASSETCATALOG_COMPILER_GLOBAL_ACCENT_COLOR_NAME = AccentColor;
				CODE_SIGN_STYLE = Automatic;
				CURRENT_PROJECT_VERSION = 1;
				DEVELOPMENT_TEAM = KB8WXAHJCD;
				ENABLE_PREVIEWS = YES;
				GENERATE_INFOPLIST_FILE = YES;
				INFOPLIST_FILE = "Where-Now-for-AppleTV-Info.plist";
				INFOPLIST_KEY_CFBundleDisplayName = "Where Now!";
				INFOPLIST_KEY_LSApplicationCategoryType = "public.app-category.education";
				INFOPLIST_KEY_NSLocationUsageDescription = "This app can show you its location, local weather information, and local bird sighting data using GPS-derived data.";
				INFOPLIST_KEY_NSLocationWhenInUseUsageDescription = "The app provides data such as weather information and local bird sightings based on your location.";
				INFOPLIST_KEY_UILaunchScreen_Generation = YES;
				INFOPLIST_KEY_UIUserInterfaceStyle = Automatic;
				LD_RUNPATH_SEARCH_PATHS = (
					"$(inherited)",
					"@executable_path/Frameworks",
				);
				MARKETING_VERSION = 2.14;
				PRODUCT_BUNDLE_IDENTIFIER = OCoileain.Jon.WhereNow;
				PRODUCT_NAME = "$(TARGET_NAME)";
				SDKROOT = appletvos;
				SWIFT_EMIT_LOC_STRINGS = YES;
				SWIFT_VERSION = 5.0;
				TARGETED_DEVICE_FAMILY = 3;
				TVOS_DEPLOYMENT_TARGET = 18.1;
				VALIDATE_PRODUCT = YES;
			};
			name = Release;
		};
		FC8D69012CE7D33500283160 /* Debug */ = {
			isa = XCBuildConfiguration;
			buildSettings = {
				BUNDLE_LOADER = "$(TEST_HOST)";
				CODE_SIGN_STYLE = Automatic;
				CURRENT_PROJECT_VERSION = 1;
				DEVELOPMENT_TEAM = KB8WXAHJCD;
				GENERATE_INFOPLIST_FILE = YES;
				MARKETING_VERSION = 1.0;
				PRODUCT_BUNDLE_IDENTIFIER = "OCoileain.Jon.Where-Now-for-AppleTVTests";
				PRODUCT_NAME = "$(TARGET_NAME)";
				SDKROOT = appletvos;
				SWIFT_EMIT_LOC_STRINGS = NO;
				SWIFT_VERSION = 5.0;
				TARGETED_DEVICE_FAMILY = 3;
				TEST_HOST = "$(BUILT_PRODUCTS_DIR)/Where Now for AppleTV.app/$(BUNDLE_EXECUTABLE_FOLDER_PATH)/Where Now for AppleTV";
				TVOS_DEPLOYMENT_TARGET = 18.1;
			};
			name = Debug;
		};
		FC8D69022CE7D33500283160 /* Release */ = {
			isa = XCBuildConfiguration;
			buildSettings = {
				BUNDLE_LOADER = "$(TEST_HOST)";
				CODE_SIGN_STYLE = Automatic;
				CURRENT_PROJECT_VERSION = 1;
				DEVELOPMENT_TEAM = KB8WXAHJCD;
				GENERATE_INFOPLIST_FILE = YES;
				MARKETING_VERSION = 1.0;
				PRODUCT_BUNDLE_IDENTIFIER = "OCoileain.Jon.Where-Now-for-AppleTVTests";
				PRODUCT_NAME = "$(TARGET_NAME)";
				SDKROOT = appletvos;
				SWIFT_EMIT_LOC_STRINGS = NO;
				SWIFT_VERSION = 5.0;
				TARGETED_DEVICE_FAMILY = 3;
				TEST_HOST = "$(BUILT_PRODUCTS_DIR)/Where Now for AppleTV.app/$(BUNDLE_EXECUTABLE_FOLDER_PATH)/Where Now for AppleTV";
				TVOS_DEPLOYMENT_TARGET = 18.1;
				VALIDATE_PRODUCT = YES;
			};
			name = Release;
		};
		FC8D69042CE7D33500283160 /* Debug */ = {
			isa = XCBuildConfiguration;
			buildSettings = {
				CODE_SIGN_STYLE = Automatic;
				CURRENT_PROJECT_VERSION = 1;
				DEVELOPMENT_TEAM = KB8WXAHJCD;
				GENERATE_INFOPLIST_FILE = YES;
				MARKETING_VERSION = 1.0;
				PRODUCT_BUNDLE_IDENTIFIER = "OCoileain.Jon.Where-Now-for-AppleTVUITests";
				PRODUCT_NAME = "$(TARGET_NAME)";
				SDKROOT = appletvos;
				SWIFT_EMIT_LOC_STRINGS = NO;
				SWIFT_VERSION = 5.0;
				TARGETED_DEVICE_FAMILY = 3;
				TEST_TARGET_NAME = "Where Now for AppleTV";
				TVOS_DEPLOYMENT_TARGET = 18.1;
			};
			name = Debug;
		};
		FC8D69052CE7D33500283160 /* Release */ = {
			isa = XCBuildConfiguration;
			buildSettings = {
				CODE_SIGN_STYLE = Automatic;
				CURRENT_PROJECT_VERSION = 1;
				DEVELOPMENT_TEAM = KB8WXAHJCD;
				GENERATE_INFOPLIST_FILE = YES;
				MARKETING_VERSION = 1.0;
				PRODUCT_BUNDLE_IDENTIFIER = "OCoileain.Jon.Where-Now-for-AppleTVUITests";
				PRODUCT_NAME = "$(TARGET_NAME)";
				SDKROOT = appletvos;
				SWIFT_EMIT_LOC_STRINGS = NO;
				SWIFT_VERSION = 5.0;
				TARGETED_DEVICE_FAMILY = 3;
				TEST_TARGET_NAME = "Where Now for AppleTV";
				TVOS_DEPLOYMENT_TARGET = 18.1;
				VALIDATE_PRODUCT = YES;
			};
			name = Release;
		};
		FCE332D22C5A9C260093D3EF /* Debug */ = {
			isa = XCBuildConfiguration;
			buildSettings = {
				ASSETCATALOG_COMPILER_GLOBAL_ACCENT_COLOR_NAME = AccentColor;
				ASSETCATALOG_COMPILER_WIDGET_BACKGROUND_COLOR_NAME = "";
				CODE_SIGN_ENTITLEMENTS = WhereNowWidget/WhereNowWidget.entitlements;
				CODE_SIGN_STYLE = Automatic;
				CURRENT_PROJECT_VERSION = 1;
				DEAD_CODE_STRIPPING = YES;
				DEVELOPMENT_TEAM = KB8WXAHJCD;
				ENABLE_HARDENED_RUNTIME = YES;
				GENERATE_INFOPLIST_FILE = YES;
				INFOPLIST_FILE = WhereNowWidget/Info.plist;
				INFOPLIST_KEY_CFBundleDisplayName = WhereNowWidget;
				INFOPLIST_KEY_LSApplicationCategoryType = "public.app-category.navigation";
				INFOPLIST_KEY_NSHumanReadableCopyright = "";
				INFOPLIST_KEY_NSLocationAlwaysAndWhenInUseUsageDescription = "By enabling \"Always\" access, the location data can be made available more readily.";
				INFOPLIST_KEY_NSLocationWhenInUseUsageDescription = "This app can show you its location using GPS-derived data.";
				INFOPLIST_KEY_NSSupportsLiveActivitiesFrequentUpdates = YES;
				IPHONEOS_DEPLOYMENT_TARGET = 18.0;
				LD_RUNPATH_SEARCH_PATHS = (
					"$(inherited)",
					"@executable_path/Frameworks",
					"@executable_path/../../Frameworks",
				);
				"LD_RUNPATH_SEARCH_PATHS[sdk=macosx*]" = (
					"$(inherited)",
					"@executable_path/../Frameworks",
					"@executable_path/../../../../Frameworks",
				);
				MACOSX_DEPLOYMENT_TARGET = 14.0;
				MARKETING_VERSION = 2.14;
				PRODUCT_BUNDLE_IDENTIFIER = OCoileain.Jon.WhereNow.WhereNowWidget;
				PRODUCT_NAME = "$(TARGET_NAME)";
				SDKROOT = auto;
				SKIP_INSTALL = YES;
				SUPPORTED_PLATFORMS = "iphoneos iphonesimulator macosx xros xrsimulator";
				SWIFT_EMIT_LOC_STRINGS = YES;
				SWIFT_VERSION = 5.0;
				TARGETED_DEVICE_FAMILY = "1,2,7";
				XROS_DEPLOYMENT_TARGET = 2.0;
			};
			name = Debug;
		};
		FCE332D32C5A9C260093D3EF /* Release */ = {
			isa = XCBuildConfiguration;
			buildSettings = {
				ASSETCATALOG_COMPILER_GLOBAL_ACCENT_COLOR_NAME = AccentColor;
				ASSETCATALOG_COMPILER_WIDGET_BACKGROUND_COLOR_NAME = "";
				CODE_SIGN_ENTITLEMENTS = WhereNowWidget/WhereNowWidget.entitlements;
				CODE_SIGN_STYLE = Automatic;
				CURRENT_PROJECT_VERSION = 1;
				DEAD_CODE_STRIPPING = YES;
				DEVELOPMENT_TEAM = KB8WXAHJCD;
				ENABLE_HARDENED_RUNTIME = YES;
				GENERATE_INFOPLIST_FILE = YES;
				INFOPLIST_FILE = WhereNowWidget/Info.plist;
				INFOPLIST_KEY_CFBundleDisplayName = WhereNowWidget;
				INFOPLIST_KEY_LSApplicationCategoryType = "public.app-category.navigation";
				INFOPLIST_KEY_NSHumanReadableCopyright = "";
				INFOPLIST_KEY_NSLocationAlwaysAndWhenInUseUsageDescription = "By enabling \"Always\" access, the location data can be made available more readily.";
				INFOPLIST_KEY_NSLocationWhenInUseUsageDescription = "This app can show you its location using GPS-derived data.";
				INFOPLIST_KEY_NSSupportsLiveActivitiesFrequentUpdates = YES;
				IPHONEOS_DEPLOYMENT_TARGET = 18.0;
				LD_RUNPATH_SEARCH_PATHS = (
					"$(inherited)",
					"@executable_path/Frameworks",
					"@executable_path/../../Frameworks",
				);
				"LD_RUNPATH_SEARCH_PATHS[sdk=macosx*]" = (
					"$(inherited)",
					"@executable_path/../Frameworks",
					"@executable_path/../../../../Frameworks",
				);
				MACOSX_DEPLOYMENT_TARGET = 14.0;
				MARKETING_VERSION = 2.14;
				PRODUCT_BUNDLE_IDENTIFIER = OCoileain.Jon.WhereNow.WhereNowWidget;
				PRODUCT_NAME = "$(TARGET_NAME)";
				SDKROOT = auto;
				SKIP_INSTALL = YES;
				SUPPORTED_PLATFORMS = "iphoneos iphonesimulator macosx xros xrsimulator";
				SWIFT_EMIT_LOC_STRINGS = YES;
				SWIFT_VERSION = 5.0;
				TARGETED_DEVICE_FAMILY = "1,2,7";
				XROS_DEPLOYMENT_TARGET = 2.0;
			};
			name = Release;
		};
/* End XCBuildConfiguration section */

/* Begin XCConfigurationList section */
		FC24914A2C48A63600101DF3 /* Build configuration list for PBXProject "WhereNow" */ = {
			isa = XCConfigurationList;
			buildConfigurations = (
				FC2491992C48A63900101DF3 /* Debug */,
				FC24919A2C48A63900101DF3 /* Release */,
			);
			defaultConfigurationIsVisible = 0;
			defaultConfigurationName = Release;
		};
		FC24919B2C48A63900101DF3 /* Build configuration list for PBXNativeTarget "WhereNow Watch App" */ = {
			isa = XCConfigurationList;
			buildConfigurations = (
				FC24919C2C48A63900101DF3 /* Debug */,
				FC24919D2C48A63900101DF3 /* Release */,
			);
			defaultConfigurationIsVisible = 0;
			defaultConfigurationName = Release;
		};
		FC24919F2C48A63900101DF3 /* Build configuration list for PBXNativeTarget "WhereNow" */ = {
			isa = XCConfigurationList;
			buildConfigurations = (
				FC2491A02C48A63900101DF3 /* Debug */,
				FC2491A12C48A63900101DF3 /* Release */,
			);
			defaultConfigurationIsVisible = 0;
			defaultConfigurationName = Release;
		};
		FC2491A22C48A63900101DF3 /* Build configuration list for PBXNativeTarget "WhereNowTests" */ = {
			isa = XCConfigurationList;
			buildConfigurations = (
				FC2491A32C48A63900101DF3 /* Debug */,
				FC2491A42C48A63900101DF3 /* Release */,
			);
			defaultConfigurationIsVisible = 0;
			defaultConfigurationName = Release;
		};
		FC2491A52C48A63900101DF3 /* Build configuration list for PBXNativeTarget "WhereNowUITests" */ = {
			isa = XCConfigurationList;
			buildConfigurations = (
				FC2491A62C48A63900101DF3 /* Debug */,
				FC2491A72C48A63900101DF3 /* Release */,
			);
			defaultConfigurationIsVisible = 0;
			defaultConfigurationName = Release;
		};
		FC2491A82C48A63900101DF3 /* Build configuration list for PBXNativeTarget "WhereNow Watch AppTests" */ = {
			isa = XCConfigurationList;
			buildConfigurations = (
				FC2491A92C48A63900101DF3 /* Debug */,
				FC2491AA2C48A63900101DF3 /* Release */,
			);
			defaultConfigurationIsVisible = 0;
			defaultConfigurationName = Release;
		};
		FC2491AB2C48A63900101DF3 /* Build configuration list for PBXNativeTarget "WhereNow Watch AppUITests" */ = {
			isa = XCConfigurationList;
			buildConfigurations = (
				FC2491AC2C48A63900101DF3 /* Debug */,
				FC2491AD2C48A63900101DF3 /* Release */,
			);
			defaultConfigurationIsVisible = 0;
			defaultConfigurationName = Release;
		};
		FC5FA7D92C63031B0002E2A8 /* Build configuration list for PBXNativeTarget "WhereNowWatchWidgetExtension" */ = {
			isa = XCConfigurationList;
			buildConfigurations = (
				FC5FA7DA2C63031B0002E2A8 /* Debug */,
				FC5FA7DB2C63031B0002E2A8 /* Release */,
			);
			defaultConfigurationIsVisible = 0;
			defaultConfigurationName = Release;
		};
		FC8D68FD2CE7D33500283160 /* Build configuration list for PBXNativeTarget "Where Now for AppleTV" */ = {
			isa = XCConfigurationList;
			buildConfigurations = (
				FC8D68FE2CE7D33500283160 /* Debug */,
				FC8D68FF2CE7D33500283160 /* Release */,
			);
			defaultConfigurationIsVisible = 0;
			defaultConfigurationName = Release;
		};
		FC8D69002CE7D33500283160 /* Build configuration list for PBXNativeTarget "Where Now for AppleTVTests" */ = {
			isa = XCConfigurationList;
			buildConfigurations = (
				FC8D69012CE7D33500283160 /* Debug */,
				FC8D69022CE7D33500283160 /* Release */,
			);
			defaultConfigurationIsVisible = 0;
			defaultConfigurationName = Release;
		};
		FC8D69032CE7D33500283160 /* Build configuration list for PBXNativeTarget "Where Now for AppleTVUITests" */ = {
			isa = XCConfigurationList;
			buildConfigurations = (
				FC8D69042CE7D33500283160 /* Debug */,
				FC8D69052CE7D33500283160 /* Release */,
			);
			defaultConfigurationIsVisible = 0;
			defaultConfigurationName = Release;
		};
		FCE332D12C5A9C260093D3EF /* Build configuration list for PBXNativeTarget "WhereNowWidgetExtension" */ = {
			isa = XCConfigurationList;
			buildConfigurations = (
				FCE332D22C5A9C260093D3EF /* Debug */,
				FCE332D32C5A9C260093D3EF /* Release */,
			);
			defaultConfigurationIsVisible = 0;
			defaultConfigurationName = Release;
		};
/* End XCConfigurationList section */

/* Begin XCRemoteSwiftPackageReference section */
		FC7998762D6FEDD400612615 /* XCRemoteSwiftPackageReference "OpenAI" */ = {
			isa = XCRemoteSwiftPackageReference;
			repositoryURL = "https://github.com/MacPaw/OpenAI.git";
			requirement = {
				branch = main;
				kind = branch;
			};
		};
/* End XCRemoteSwiftPackageReference section */

/* Begin XCSwiftPackageProductDependency section */
		FC7998772D6FEDD400612615 /* OpenAI */ = {
			isa = XCSwiftPackageProductDependency;
			package = FC7998762D6FEDD400612615 /* XCRemoteSwiftPackageReference "OpenAI" */;
			productName = OpenAI;
		};
		FC7998792D6FEDE600612615 /* OpenAI */ = {
			isa = XCSwiftPackageProductDependency;
			package = FC7998762D6FEDD400612615 /* XCRemoteSwiftPackageReference "OpenAI" */;
			productName = OpenAI;
		};
/* End XCSwiftPackageProductDependency section */
	};
	rootObject = FC2491472C48A63600101DF3 /* Project object */;
}
